
Microsoft Visual Studio Solution File, Format Version 12.00
# Visual Studio Version 17
VisualStudioVersion = 17.11.35219.272
MinimumVisualStudioVersion = 10.0.40219.1
Project("{9A19103F-16F7-4668-BE54-9A1E7A4F7556}") = "Demo.Presentation", "Demo.Presentation\Demo.Presentation.csproj", "{39E2C540-7982-4A92-B1FA-A77563EB1742}"
EndProject
Project("{FAE04EC0-301F-11D3-BF4B-00C04F79EFBC}") = "Demo.BusinessLogic", "Demo.BusinessLogic\Demo.BusinessLogic.csproj", "{A097023F-C3A1-412F-A53D-BF7A06705AAF}"
EndProject
Project("{FAE04EC0-301F-11D3-BF4B-00C04F79EFBC}") = "Demo.DataAccess", "Demo.DataAccess\Demo.DataAccess.csproj", "{91473472-2719-433A-8A02-D44015ECA806}"
EndProject
Global
	GlobalSection(SolutionConfigurationPlatforms) = preSolution
		Debug|Any CPU = Debug|Any CPU
		Release|Any CPU = Release|Any CPU
	EndGlobalSection
	GlobalSection(ProjectConfigurationPlatforms) = postSolution
		{39E2C540-7982-4A92-B1FA-A77563EB1742}.Debug|Any CPU.ActiveCfg = Debug|Any CPU
		{39E2C540-7982-4A92-B1FA-A77563EB1742}.Debug|Any CPU.Build.0 = Debug|Any CPU
		{39E2C540-7982-4A92-B1FA-A77563EB1742}.Release|Any CPU.ActiveCfg = Release|Any CPU
		{39E2C540-7982-4A92-B1FA-A77563EB1742}.Release|Any CPU.Build.0 = Release|Any CPU
		{A097023F-C3A1-412F-A53D-BF7A06705AAF}.Debug|Any CPU.ActiveCfg = Debug|Any CPU
		{A097023F-C3A1-412F-A53D-BF7A06705AAF}.Debug|Any CPU.Build.0 = Debug|Any CPU
		{A097023F-C3A1-412F-A53D-BF7A06705AAF}.Release|Any CPU.ActiveCfg = Release|Any CPU
		{A097023F-C3A1-412F-A53D-BF7A06705AAF}.Release|Any CPU.Build.0 = Release|Any CPU
		{91473472-2719-433A-8A02-D44015ECA806}.Debug|Any CPU.ActiveCfg = Debug|Any CPU
		{91473472-2719-433A-8A02-D44015ECA806}.Debug|Any CPU.Build.0 = Debug|Any CPU
		{91473472-2719-433A-8A02-D44015ECA806}.Release|Any CPU.ActiveCfg = Release|Any CPU
		{91473472-2719-433A-8A02-D44015ECA806}.Release|Any CPU.Build.0 = Release|Any CPU
	EndGlobalSection
	GlobalSection(SolutionProperties) = preSolution
		HideSolutionNode = FALSE
	EndGlobalSection
	GlobalSection(ExtensibilityGlobals) = postSolution
		SolutionGuid = {2FB98C47-399E-42BD-9C27-3D20CA619A96}
	EndGlobalSection
EndGlobal
