
Microsoft Visual Studio Solution File, Format Version 12.00
# Visual Studio Version 17
VisualStudioVersion = 17.13.35825.156 d17.13
MinimumVisualStudioVersion = 10.0.40219.1
Project("{FAE04EC0-301F-11D3-BF4B-00C04F79EFBC}") = "Demo.Peresentation", "Demo.Peresentation\Demo.Peresentation.csproj", "{8186D72D-8D5C-4423-A92F-4300C9B9FD62}"
EndProject
Project("{FAE04EC0-301F-11D3-BF4B-00C04F79EFBC}") = "Demo.BusinessLogic", "Demo.BusinessLogic\Demo.BusinessLogic.csproj", "{54C652CF-5E43-4A38-BDC6-32D3F4461210}"
EndProject
Project("{FAE04EC0-301F-11D3-BF4B-00C04F79EFBC}") = "Demo.DataAccess", "Demo.DataAccess\Demo.DataAccess.csproj", "{6DEB6757-EF69-4F0D-B35F-1BF8475BEC8E}"
EndProject
Global
	GlobalSection(SolutionConfigurationPlatforms) = preSolution
		Debug|Any CPU = Debug|Any CPU
		Release|Any CPU = Release|Any CPU
	EndGlobalSection
	GlobalSection(ProjectConfigurationPlatforms) = postSolution
		{8186D72D-8D5C-4423-A92F-4300C9B9FD62}.Debug|Any CPU.ActiveCfg = Debug|Any CPU
		{8186D72D-8D5C-4423-A92F-4300C9B9FD62}.Debug|Any CPU.Build.0 = Debug|Any CPU
		{8186D72D-8D5C-4423-A92F-4300C9B9FD62}.Release|Any CPU.ActiveCfg = Release|Any CPU
		{8186D72D-8D5C-4423-A92F-4300C9B9FD62}.Release|Any CPU.Build.0 = Release|Any CPU
		{54C652CF-5E43-4A38-BDC6-32D3F4461210}.Debug|Any CPU.ActiveCfg = Debug|Any CPU
		{54C652CF-5E43-4A38-BDC6-32D3F4461210}.Debug|Any CPU.Build.0 = Debug|Any CPU
		{54C652CF-5E43-4A38-BDC6-32D3F4461210}.Release|Any CPU.ActiveCfg = Release|Any CPU
		{54C652CF-5E43-4A38-BDC6-32D3F4461210}.Release|Any CPU.Build.0 = Release|Any CPU
		{6DEB6757-EF69-4F0D-B35F-1BF8475BEC8E}.Debug|Any CPU.ActiveCfg = Debug|Any CPU
		{6DEB6757-EF69-4F0D-B35F-1BF8475BEC8E}.Debug|Any CPU.Build.0 = Debug|Any CPU
		{6DEB6757-EF69-4F0D-B35F-1BF8475BEC8E}.Release|Any CPU.ActiveCfg = Release|Any CPU
		{6DEB6757-EF69-4F0D-B35F-1BF8475BEC8E}.Release|Any CPU.Build.0 = Release|Any CPU
	EndGlobalSection
	GlobalSection(SolutionProperties) = preSolution
		HideSolutionNode = FALSE
	EndGlobalSection
	GlobalSection(ExtensibilityGlobals) = postSolution
		SolutionGuid = {F29CC6AC-CCA3-401B-B11F-96237EC9B198}
	EndGlobalSection
EndGlobal
